
Microsoft Visual Studio Solution File, Format Version 12.00
# Visual Studio 2013
VisualStudioVersion = 12.0.40629.0
MinimumVisualStudioVersion = 10.0.40219.1
Project("{FAE04EC0-301F-11D3-BF4B-00C04F79EFBC}") = "WebEssentialsMarkdownExample", "WebEssentialsMarkdownExample.csproj", "{79DE8487-A8CF-4FB1-A78A-042FC0666FB8}"
EndProject
Project("{2150E333-8FDC-42A3-9474-1A3956D46DE8}") = "Solution Items", "Solution Items", "{B49963C3-3AF1-4DAB-8197-68143F5BED3B}"
	ProjectSection(SolutionItems) = preProject
		Generate-Documentation.ps1 = Generate-Documentation.ps1
		..\LICENSE = ..\LICENSE
		..\README.md = ..\README.md
		WE-Markdown.html = WE-Markdown.html
		WebEssentials-Settings.json = WebEssentials-Settings.json
	EndProjectSection
EndProject
Project("{2150E333-8FDC-42A3-9474-1A3956D46DE8}") = ".nuget", ".nuget", "{FAA85F96-63DE-4446-8347-990891812312}"
	ProjectSection(SolutionItems) = preProject
		.nuget\packages.config = .nuget\packages.config
	EndProjectSection
EndProject
Global
	GlobalSection(SolutionConfigurationPlatforms) = preSolution
		Debug|Any CPU = Debug|Any CPU
		Release|Any CPU = Release|Any CPU
	EndGlobalSection
	GlobalSection(ProjectConfigurationPlatforms) = postSolution
		{79DE8487-A8CF-4FB1-A78A-042FC0666FB8}.Debug|Any CPU.ActiveCfg = Debug|Any CPU
		{79DE8487-A8CF-4FB1-A78A-042FC0666FB8}.Debug|Any CPU.Build.0 = Debug|Any CPU
		{79DE8487-A8CF-4FB1-A78A-042FC0666FB8}.Release|Any CPU.ActiveCfg = Release|Any CPU
		{79DE8487-A8CF-4FB1-A78A-042FC0666FB8}.Release|Any CPU.Build.0 = Release|Any CPU
	EndGlobalSection
	GlobalSection(SolutionProperties) = preSolution
		HideSolutionNode = FALSE
	EndGlobalSection
EndGlobal
